
Microsoft Visual Studio Solution File, Format Version 12.00
# Visual Studio Version 17
VisualStudioVersion = 17.7.34031.279
MinimumVisualStudioVersion = 10.0.40219.1
Project("{8BC9CEB8-8B4A-11D0-8D11-00A0C91BC942}") = "Tutorial1", "Tutorial1.vcxproj", "{0F9D3FE4-8BF7-4867-BCCD-2353123D02F8}"
EndProject
Global
	GlobalSection(SolutionConfigurationPlatforms) = preSolution
		Debug|x64 = Debug|x64
		Debug|x86 = Debug|x86
		Release|x64 = Release|x64
		Release|x86 = Release|x86
	EndGlobalSection
	GlobalSection(ProjectConfigurationPlatforms) = postSolution
		{0F9D3FE4-8BF7-4867-BCCD-2353123D02F8}.Debug|x64.ActiveCfg = Debug|x64
		{0F9D3FE4-8BF7-4867-BCCD-2353123D02F8}.Debug|x64.Build.0 = Debug|x64
		{0F9D3FE4-8BF7-4867-BCCD-2353123D02F8}.Debug|x86.ActiveCfg = Debug|Win32
		{0F9D3FE4-8BF7-4867-BCCD-2353123D02F8}.Debug|x86.Build.0 = Debug|Win32
		{0F9D3FE4-8BF7-4867-BCCD-2353123D02F8}.Release|x64.ActiveCfg = Release|x64
		{0F9D3FE4-8BF7-4867-BCCD-2353123D02F8}.Release|x64.Build.0 = Release|x64
		{0F9D3FE4-8BF7-4867-BCCD-2353123D02F8}.Release|x86.ActiveCfg = Release|Win32
		{0F9D3FE4-8BF7-4867-BCCD-2353123D02F8}.Release|x86.Build.0 = Release|Win32
	EndGlobalSection
	GlobalSection(SolutionProperties) = preSolution
		HideSolutionNode = FALSE
	EndGlobalSection
	GlobalSection(ExtensibilityGlobals) = postSolution
		SolutionGuid = {4BC02A1F-848F-4CBA-BBBD-15E73F19E8D5}
	EndGlobalSection
EndGlobal
